
Microsoft Visual Studio Solution File, Format Version 12.00
# Visual Studio 14
VisualStudioVersion = 14.0.25420.1
MinimumVisualStudioVersion = 10.0.40219.1
Project("{FAE04EC0-301F-11D3-BF4B-00C04F79EFBC}") = "Toptal", "Toptal\Toptal.csproj", "{74D8FD9E-E9CA-44F3-A318-036691418CF5}"
EndProject
Project("{FAE04EC0-301F-11D3-BF4B-00C04F79EFBC}") = "WindowsFormsApplicationTest", "WindowsFormsApplicationTest\WindowsFormsApplicationTest.csproj", "{3AB152A2-D476-45E7-9A19-D8A88648F3A0}"
EndProject
Global
	GlobalSection(SolutionConfigurationPlatforms) = preSolution
		Debug|Any CPU = Debug|Any CPU
		Release|Any CPU = Release|Any CPU
	EndGlobalSection
	GlobalSection(ProjectConfigurationPlatforms) = postSolution
		{74D8FD9E-E9CA-44F3-A318-036691418CF5}.Debug|Any CPU.ActiveCfg = Debug|Any CPU
		{74D8FD9E-E9CA-44F3-A318-036691418CF5}.Debug|Any CPU.Build.0 = Debug|Any CPU
		{74D8FD9E-E9CA-44F3-A318-036691418CF5}.Release|Any CPU.ActiveCfg = Release|Any CPU
		{74D8FD9E-E9CA-44F3-A318-036691418CF5}.Release|Any CPU.Build.0 = Release|Any CPU
		{3AB152A2-D476-45E7-9A19-D8A88648F3A0}.Debug|Any CPU.ActiveCfg = Debug|Any CPU
		{3AB152A2-D476-45E7-9A19-D8A88648F3A0}.Debug|Any CPU.Build.0 = Debug|Any CPU
		{3AB152A2-D476-45E7-9A19-D8A88648F3A0}.Release|Any CPU.ActiveCfg = Release|Any CPU
		{3AB152A2-D476-45E7-9A19-D8A88648F3A0}.Release|Any CPU.Build.0 = Release|Any CPU
	EndGlobalSection
	GlobalSection(SolutionProperties) = preSolution
		HideSolutionNode = FALSE
	EndGlobalSection
EndGlobal
